# This file is automatically @generated by Cargo.
# It is not intended for manual editing.
version = 3

[workspace]
members = [
    "crates/bundle-tool",
    "crates/update-bundle",
    "crates/update-slot",
    "crates/update-tpm",
    "crates/updated",
    "crates/updatectl",
]
package = false

[[package]]
name = "update-bundle"
version = "0.1.0"
dependencies = []

[[package]]
name = "update-tpm"
version = "0.1.0"
dependencies = []

[[package]]
name = "update-slot"
version = "0.1.0"
dependencies = []

[[package]]
name = "updated"
version = "0.1.0"
dependencies = [
 "update-bundle",
 "update-slot",
 "update-tpm",
]

[[package]]
name = "updatectl"
version = "0.1.0"
dependencies = []

[[package]]
name = "bundle-tool"
version = "0.1.0"
dependencies = [
 "update-bundle",
]
